// !$*UTF8*$!
{
	archiveVersion = 1;
	classes = {
	};
	objectVersion = 51;
	objects = {

/* Begin PBXBuildFile section */
		203A5C168218CC2EF860A488 /* Pods_Schematic_CaptureTests.framework in Frameworks */ = {isa = PBXBuildFile; fileRef = 9E2B3C9F604D54CD032728F1 /* Pods_Schematic_CaptureTests.framework */; };
		A665835523DAB508006073DF /* AppDelegate.swift in Sources */ = {isa = PBXBuildFile; fileRef = A665835423DAB508006073DF /* AppDelegate.swift */; };
		A665835723DAB508006073DF /* SceneDelegate.swift in Sources */ = {isa = PBXBuildFile; fileRef = A665835623DAB508006073DF /* SceneDelegate.swift */; };
		A665835C23DAB508006073DF /* Main.storyboard in Resources */ = {isa = PBXBuildFile; fileRef = A665835A23DAB508006073DF /* Main.storyboard */; };
		A665835E23DAB50A006073DF /* Assets.xcassets in Resources */ = {isa = PBXBuildFile; fileRef = A665835D23DAB50A006073DF /* Assets.xcassets */; };
		A665836123DAB50A006073DF /* LaunchScreen.storyboard in Resources */ = {isa = PBXBuildFile; fileRef = A665835F23DAB50A006073DF /* LaunchScreen.storyboard */; };
		A665836C23DAB50A006073DF /* Schematic_CaptureTests.swift in Sources */ = {isa = PBXBuildFile; fileRef = A665836B23DAB50A006073DF /* Schematic_CaptureTests.swift */; };
		A665837723DB6695006073DF /* GoogleService-Info.plist in Resources */ = {isa = PBXBuildFile; fileRef = A665837623DB6695006073DF /* GoogleService-Info.plist */; };
		A665837923DB6E2D006073DF /* SignInViewController.swift in Sources */ = {isa = PBXBuildFile; fileRef = A665837823DB6E2D006073DF /* SignInViewController.swift */; };
		A9CA9B3B318F08D451894CF0 /* Pods_Schematic_Capture.framework in Frameworks */ = {isa = PBXBuildFile; fileRef = F1DFF666FB92F4602DE865FA /* Pods_Schematic_Capture.framework */; };
/* End PBXBuildFile section */

/* Begin PBXContainerItemProxy section */
		A665836823DAB50A006073DF /* PBXContainerItemProxy */ = {
			isa = PBXContainerItemProxy;
			containerPortal = A665834923DAB508006073DF /* Project object */;
			proxyType = 1;
			remoteGlobalIDString = A665835023DAB508006073DF;
			remoteInfo = "Schematic Capture";
		};
/* End PBXContainerItemProxy section */

/* Begin PBXFileReference section */
		49AD8C612B258C5954802E50 /* Pods-Schematic CaptureTests.debug.xcconfig */ = {isa = PBXFileReference; includeInIndex = 1; lastKnownFileType = text.xcconfig; name = "Pods-Schematic CaptureTests.debug.xcconfig"; path = "Target Support Files/Pods-Schematic CaptureTests/Pods-Schematic CaptureTests.debug.xcconfig"; sourceTree = "<group>"; };
		74CE154D4AA08AC493FBA5F6 /* Pods-Schematic Capture.debug.xcconfig */ = {isa = PBXFileReference; includeInIndex = 1; lastKnownFileType = text.xcconfig; name = "Pods-Schematic Capture.debug.xcconfig"; path = "Target Support Files/Pods-Schematic Capture/Pods-Schematic Capture.debug.xcconfig"; sourceTree = "<group>"; };
		7CF1D52C5578D599C2B001F6 /* Pods-Schematic Capture.release.xcconfig */ = {isa = PBXFileReference; includeInIndex = 1; lastKnownFileType = text.xcconfig; name = "Pods-Schematic Capture.release.xcconfig"; path = "Target Support Files/Pods-Schematic Capture/Pods-Schematic Capture.release.xcconfig"; sourceTree = "<group>"; };
		9E2B3C9F604D54CD032728F1 /* Pods_Schematic_CaptureTests.framework */ = {isa = PBXFileReference; explicitFileType = wrapper.framework; includeInIndex = 0; path = Pods_Schematic_CaptureTests.framework; sourceTree = BUILT_PRODUCTS_DIR; };
		A665835123DAB508006073DF /* Schematic Capture.app */ = {isa = PBXFileReference; explicitFileType = wrapper.application; includeInIndex = 0; path = "Schematic Capture.app"; sourceTree = BUILT_PRODUCTS_DIR; };
		A665835423DAB508006073DF /* AppDelegate.swift */ = {isa = PBXFileReference; lastKnownFileType = sourcecode.swift; path = AppDelegate.swift; sourceTree = "<group>"; };
		A665835623DAB508006073DF /* SceneDelegate.swift */ = {isa = PBXFileReference; lastKnownFileType = sourcecode.swift; path = SceneDelegate.swift; sourceTree = "<group>"; };
		A665835B23DAB508006073DF /* Base */ = {isa = PBXFileReference; lastKnownFileType = file.storyboard; name = Base; path = Base.lproj/Main.storyboard; sourceTree = "<group>"; };
		A665835D23DAB50A006073DF /* Assets.xcassets */ = {isa = PBXFileReference; lastKnownFileType = folder.assetcatalog; path = Assets.xcassets; sourceTree = "<group>"; };
		A665836023DAB50A006073DF /* Base */ = {isa = PBXFileReference; lastKnownFileType = file.storyboard; name = Base; path = Base.lproj/LaunchScreen.storyboard; sourceTree = "<group>"; };
		A665836223DAB50A006073DF /* Info.plist */ = {isa = PBXFileReference; lastKnownFileType = text.plist.xml; path = Info.plist; sourceTree = "<group>"; };
		A665836723DAB50A006073DF /* Schematic CaptureTests.xctest */ = {isa = PBXFileReference; explicitFileType = wrapper.cfbundle; includeInIndex = 0; path = "Schematic CaptureTests.xctest"; sourceTree = BUILT_PRODUCTS_DIR; };
		A665836B23DAB50A006073DF /* Schematic_CaptureTests.swift */ = {isa = PBXFileReference; lastKnownFileType = sourcecode.swift; path = Schematic_CaptureTests.swift; sourceTree = "<group>"; };
		A665836D23DAB50A006073DF /* Info.plist */ = {isa = PBXFileReference; lastKnownFileType = text.plist.xml; path = Info.plist; sourceTree = "<group>"; };
		A665837623DB6695006073DF /* GoogleService-Info.plist */ = {isa = PBXFileReference; fileEncoding = 4; lastKnownFileType = text.plist.xml; path = "GoogleService-Info.plist"; sourceTree = "<group>"; };
		A665837823DB6E2D006073DF /* SignInViewController.swift */ = {isa = PBXFileReference; lastKnownFileType = sourcecode.swift; path = SignInViewController.swift; sourceTree = "<group>"; };
		E1FD08C4FDDF46EE97E77091 /* Pods-Schematic CaptureTests.release.xcconfig */ = {isa = PBXFileReference; includeInIndex = 1; lastKnownFileType = text.xcconfig; name = "Pods-Schematic CaptureTests.release.xcconfig"; path = "Target Support Files/Pods-Schematic CaptureTests/Pods-Schematic CaptureTests.release.xcconfig"; sourceTree = "<group>"; };
		F1DFF666FB92F4602DE865FA /* Pods_Schematic_Capture.framework */ = {isa = PBXFileReference; explicitFileType = wrapper.framework; includeInIndex = 0; path = Pods_Schematic_Capture.framework; sourceTree = BUILT_PRODUCTS_DIR; };
/* End PBXFileReference section */

/* Begin PBXFrameworksBuildPhase section */
		A665834E23DAB508006073DF /* Frameworks */ = {
			isa = PBXFrameworksBuildPhase;
			buildActionMask = 2147483647;
			files = (
				A9CA9B3B318F08D451894CF0 /* Pods_Schematic_Capture.framework in Frameworks */,
			);
			runOnlyForDeploymentPostprocessing = 0;
		};
		A665836423DAB50A006073DF /* Frameworks */ = {
			isa = PBXFrameworksBuildPhase;
			buildActionMask = 2147483647;
			files = (
				203A5C168218CC2EF860A488 /* Pods_Schematic_CaptureTests.framework in Frameworks */,
			);
			runOnlyForDeploymentPostprocessing = 0;
		};
/* End PBXFrameworksBuildPhase section */

/* Begin PBXGroup section */
		A665834823DAB508006073DF = {
			isa = PBXGroup;
			children = (
				A665835323DAB508006073DF /* Schematic Capture */,
				A665836A23DAB50A006073DF /* Schematic CaptureTests */,
				A665835223DAB508006073DF /* Products */,
				A70A916E7742D130EC55F213 /* Pods */,
				DBE10D79ADA5F39E460F6C41 /* Frameworks */,
			);
			sourceTree = "<group>";
		};
		A665835223DAB508006073DF /* Products */ = {
			isa = PBXGroup;
			children = (
				A665835123DAB508006073DF /* Schematic Capture.app */,
				A665836723DAB50A006073DF /* Schematic CaptureTests.xctest */,
			);
			name = Products;
			sourceTree = "<group>";
		};
		A665835323DAB508006073DF /* Schematic Capture */ = {
			isa = PBXGroup;
			children = (
				A665837623DB6695006073DF /* GoogleService-Info.plist */,
				A665835423DAB508006073DF /* AppDelegate.swift */,
				A665835623DAB508006073DF /* SceneDelegate.swift */,
				A665835D23DAB50A006073DF /* Assets.xcassets */,
				A665836223DAB50A006073DF /* Info.plist */,
				A665837F23DF8CC8006073DF /* Storyboards */,
				A665837A23DB6E32006073DF /* View Controllers */,
			);
			path = "Schematic Capture";
			sourceTree = "<group>";
		};
		A665836A23DAB50A006073DF /* Schematic CaptureTests */ = {
			isa = PBXGroup;
			children = (
				A665836B23DAB50A006073DF /* Schematic_CaptureTests.swift */,
				A665836D23DAB50A006073DF /* Info.plist */,
			);
			path = "Schematic CaptureTests";
			sourceTree = "<group>";
		};
		A665837A23DB6E32006073DF /* View Controllers */ = {
			isa = PBXGroup;
			children = (
				A665837823DB6E2D006073DF /* SignInViewController.swift */,
			);
			path = "View Controllers";
			sourceTree = "<group>";
		};
		A665837F23DF8CC8006073DF /* Storyboards */ = {
			isa = PBXGroup;
			children = (
				A665835A23DAB508006073DF /* Main.storyboard */,
				A665835F23DAB50A006073DF /* LaunchScreen.storyboard */,
			);
			path = Storyboards;
			sourceTree = "<group>";
		};
		A70A916E7742D130EC55F213 /* Pods */ = {
			isa = PBXGroup;
			children = (
				74CE154D4AA08AC493FBA5F6 /* Pods-Schematic Capture.debug.xcconfig */,
				7CF1D52C5578D599C2B001F6 /* Pods-Schematic Capture.release.xcconfig */,
				49AD8C612B258C5954802E50 /* Pods-Schematic CaptureTests.debug.xcconfig */,
				E1FD08C4FDDF46EE97E77091 /* Pods-Schematic CaptureTests.release.xcconfig */,
			);
			path = Pods;
			sourceTree = "<group>";
		};
		DBE10D79ADA5F39E460F6C41 /* Frameworks */ = {
			isa = PBXGroup;
			children = (
				F1DFF666FB92F4602DE865FA /* Pods_Schematic_Capture.framework */,
				9E2B3C9F604D54CD032728F1 /* Pods_Schematic_CaptureTests.framework */,
			);
			name = Frameworks;
			sourceTree = "<group>";
		};
/* End PBXGroup section */

/* Begin PBXNativeTarget section */
		A665835023DAB508006073DF /* Schematic Capture */ = {
			isa = PBXNativeTarget;
			buildConfigurationList = A665837023DAB50A006073DF /* Build configuration list for PBXNativeTarget "Schematic Capture" */;
			buildPhases = (
				5B9D69F3039E28FDD08A0915 /* [CP] Check Pods Manifest.lock */,
				A665834D23DAB508006073DF /* Sources */,
				A665834E23DAB508006073DF /* Frameworks */,
				A665834F23DAB508006073DF /* Resources */,
				33064B68C18A8FA8AE58D160 /* [CP] Embed Pods Frameworks */,
				712818EC9245EF337A7E6EDB /* [CP] Copy Pods Resources */,
			);
			buildRules = (
			);
			dependencies = (
			);
			name = "Schematic Capture";
			productName = "Schematic Capture";
			productReference = A665835123DAB508006073DF /* Schematic Capture.app */;
			productType = "com.apple.product-type.application";
		};
		A665836623DAB50A006073DF /* Schematic CaptureTests */ = {
			isa = PBXNativeTarget;
			buildConfigurationList = A665837323DAB50A006073DF /* Build configuration list for PBXNativeTarget "Schematic CaptureTests" */;
			buildPhases = (
				7AD19C71F100EFAA1D05E537 /* [CP] Check Pods Manifest.lock */,
				A665836323DAB50A006073DF /* Sources */,
				A665836423DAB50A006073DF /* Frameworks */,
				A665836523DAB50A006073DF /* Resources */,
			);
			buildRules = (
			);
			dependencies = (
				A665836923DAB50A006073DF /* PBXTargetDependency */,
			);
			name = "Schematic CaptureTests";
			productName = "Schematic CaptureTests";
			productReference = A665836723DAB50A006073DF /* Schematic CaptureTests.xctest */;
			productType = "com.apple.product-type.bundle.unit-test";
		};
/* End PBXNativeTarget section */

/* Begin PBXProject section */
		A665834923DAB508006073DF /* Project object */ = {
			isa = PBXProject;
			attributes = {
				LastSwiftUpdateCheck = 1130;
				LastUpgradeCheck = 1130;
				ORGANIZATIONNAME = "GIPGIP Studio";
				TargetAttributes = {
					A665835023DAB508006073DF = {
						CreatedOnToolsVersion = 11.3.1;
					};
					A665836623DAB50A006073DF = {
						CreatedOnToolsVersion = 11.3.1;
						TestTargetID = A665835023DAB508006073DF;
					};
				};
			};
			buildConfigurationList = A665834C23DAB508006073DF /* Build configuration list for PBXProject "Schematic Capture" */;
			compatibilityVersion = "Xcode 9.3";
			developmentRegion = en;
			hasScannedForEncodings = 0;
			knownRegions = (
				en,
				Base,
			);
			mainGroup = A665834823DAB508006073DF;
			productRefGroup = A665835223DAB508006073DF /* Products */;
			projectDirPath = "";
			projectRoot = "";
			targets = (
				A665835023DAB508006073DF /* Schematic Capture */,
				A665836623DAB50A006073DF /* Schematic CaptureTests */,
			);
		};
/* End PBXProject section */

/* Begin PBXResourcesBuildPhase section */
		A665834F23DAB508006073DF /* Resources */ = {
			isa = PBXResourcesBuildPhase;
			buildActionMask = 2147483647;
			files = (
				A665836123DAB50A006073DF /* LaunchScreen.storyboard in Resources */,
				A665835E23DAB50A006073DF /* Assets.xcassets in Resources */,
				A665835C23DAB508006073DF /* Main.storyboard in Resources */,
				A665837723DB6695006073DF /* GoogleService-Info.plist in Resources */,
			);
			runOnlyForDeploymentPostprocessing = 0;
		};
		A665836523DAB50A006073DF /* Resources */ = {
			isa = PBXResourcesBuildPhase;
			buildActionMask = 2147483647;
			files = (
			);
			runOnlyForDeploymentPostprocessing = 0;
		};
/* End PBXResourcesBuildPhase section */

/* Begin PBXShellScriptBuildPhase section */
		33064B68C18A8FA8AE58D160 /* [CP] Embed Pods Frameworks */ = {
			isa = PBXShellScriptBuildPhase;
			buildActionMask = 2147483647;
			files = (
			);
			inputFileListPaths = (
				"${PODS_ROOT}/Target Support Files/Pods-Schematic Capture/Pods-Schematic Capture-frameworks-${CONFIGURATION}-input-files.xcfilelist",
			);
			name = "[CP] Embed Pods Frameworks";
			outputFileListPaths = (
				"${PODS_ROOT}/Target Support Files/Pods-Schematic Capture/Pods-Schematic Capture-frameworks-${CONFIGURATION}-output-files.xcfilelist",
			);
			runOnlyForDeploymentPostprocessing = 0;
			shellPath = /bin/sh;
			shellScript = "\"${PODS_ROOT}/Target Support Files/Pods-Schematic Capture/Pods-Schematic Capture-frameworks.sh\"\n";
			showEnvVarsInLog = 0;
		};
		5B9D69F3039E28FDD08A0915 /* [CP] Check Pods Manifest.lock */ = {
			isa = PBXShellScriptBuildPhase;
			buildActionMask = 2147483647;
			files = (
			);
			inputFileListPaths = (
			);
			inputPaths = (
				"${PODS_PODFILE_DIR_PATH}/Podfile.lock",
				"${PODS_ROOT}/Manifest.lock",
			);
			name = "[CP] Check Pods Manifest.lock";
			outputFileListPaths = (
			);
			outputPaths = (
				"$(DERIVED_FILE_DIR)/Pods-Schematic Capture-checkManifestLockResult.txt",
			);
			runOnlyForDeploymentPostprocessing = 0;
			shellPath = /bin/sh;
			shellScript = "diff \"${PODS_PODFILE_DIR_PATH}/Podfile.lock\" \"${PODS_ROOT}/Manifest.lock\" > /dev/null\nif [ $? != 0 ] ; then\n    # print error to STDERR\n    echo \"error: The sandbox is not in sync with the Podfile.lock. Run 'pod install' or update your CocoaPods installation.\" >&2\n    exit 1\nfi\n# This output is used by Xcode 'outputs' to avoid re-running this script phase.\necho \"SUCCESS\" > \"${SCRIPT_OUTPUT_FILE_0}\"\n";
			showEnvVarsInLog = 0;
		};
		712818EC9245EF337A7E6EDB /* [CP] Copy Pods Resources */ = {
			isa = PBXShellScriptBuildPhase;
			buildActionMask = 2147483647;
			files = (
			);
			inputFileListPaths = (
				"${PODS_ROOT}/Target Support Files/Pods-Schematic Capture/Pods-Schematic Capture-resources-${CONFIGURATION}-input-files.xcfilelist",
			);
			name = "[CP] Copy Pods Resources";
			outputFileListPaths = (
				"${PODS_ROOT}/Target Support Files/Pods-Schematic Capture/Pods-Schematic Capture-resources-${CONFIGURATION}-output-files.xcfilelist",
			);
			runOnlyForDeploymentPostprocessing = 0;
			shellPath = /bin/sh;
			shellScript = "\"${PODS_ROOT}/Target Support Files/Pods-Schematic Capture/Pods-Schematic Capture-resources.sh\"\n";
			showEnvVarsInLog = 0;
		};
		7AD19C71F100EFAA1D05E537 /* [CP] Check Pods Manifest.lock */ = {
			isa = PBXShellScriptBuildPhase;
			buildActionMask = 2147483647;
			files = (
			);
			inputFileListPaths = (
			);
			inputPaths = (
				"${PODS_PODFILE_DIR_PATH}/Podfile.lock",
				"${PODS_ROOT}/Manifest.lock",
			);
			name = "[CP] Check Pods Manifest.lock";
			outputFileListPaths = (
			);
			outputPaths = (
				"$(DERIVED_FILE_DIR)/Pods-Schematic CaptureTests-checkManifestLockResult.txt",
			);
			runOnlyForDeploymentPostprocessing = 0;
			shellPath = /bin/sh;
			shellScript = "diff \"${PODS_PODFILE_DIR_PATH}/Podfile.lock\" \"${PODS_ROOT}/Manifest.lock\" > /dev/null\nif [ $? != 0 ] ; then\n    # print error to STDERR\n    echo \"error: The sandbox is not in sync with the Podfile.lock. Run 'pod install' or update your CocoaPods installation.\" >&2\n    exit 1\nfi\n# This output is used by Xcode 'outputs' to avoid re-running this script phase.\necho \"SUCCESS\" > \"${SCRIPT_OUTPUT_FILE_0}\"\n";
			showEnvVarsInLog = 0;
		};
/* End PBXShellScriptBuildPhase section */

/* Begin PBXSourcesBuildPhase section */
		A665834D23DAB508006073DF /* Sources */ = {
			isa = PBXSourcesBuildPhase;
			buildActionMask = 2147483647;
			files = (
				A665835523DAB508006073DF /* AppDelegate.swift in Sources */,
				A665835723DAB508006073DF /* SceneDelegate.swift in Sources */,
				A665837923DB6E2D006073DF /* SignInViewController.swift in Sources */,
			);
			runOnlyForDeploymentPostprocessing = 0;
		};
		A665836323DAB50A006073DF /* Sources */ = {
			isa = PBXSourcesBuildPhase;
			buildActionMask = 2147483647;
			files = (
				A665836C23DAB50A006073DF /* Schematic_CaptureTests.swift in Sources */,
			);
			runOnlyForDeploymentPostprocessing = 0;
		};
/* End PBXSourcesBuildPhase section */

/* Begin PBXTargetDependency section */
		A665836923DAB50A006073DF /* PBXTargetDependency */ = {
			isa = PBXTargetDependency;
			target = A665835023DAB508006073DF /* Schematic Capture */;
			targetProxy = A665836823DAB50A006073DF /* PBXContainerItemProxy */;
		};
/* End PBXTargetDependency section */

/* Begin PBXVariantGroup section */
		A665835A23DAB508006073DF /* Main.storyboard */ = {
			isa = PBXVariantGroup;
			children = (
				A665835B23DAB508006073DF /* Base */,
			);
			name = Main.storyboard;
			sourceTree = "<group>";
		};
		A665835F23DAB50A006073DF /* LaunchScreen.storyboard */ = {
			isa = PBXVariantGroup;
			children = (
				A665836023DAB50A006073DF /* Base */,
			);
			name = LaunchScreen.storyboard;
			sourceTree = "<group>";
		};
/* End PBXVariantGroup section */

/* Begin XCBuildConfiguration section */
		A665836E23DAB50A006073DF /* Debug */ = {
			isa = XCBuildConfiguration;
			buildSettings = {
				ALWAYS_SEARCH_USER_PATHS = NO;
				CLANG_ANALYZER_NONNULL = YES;
				CLANG_ANALYZER_NUMBER_OBJECT_CONVERSION = YES_AGGRESSIVE;
				CLANG_CXX_LANGUAGE_STANDARD = "gnu++14";
				CLANG_CXX_LIBRARY = "libc++";
				CLANG_ENABLE_MODULES = YES;
				CLANG_ENABLE_OBJC_ARC = YES;
				CLANG_ENABLE_OBJC_WEAK = YES;
				CLANG_WARN_BLOCK_CAPTURE_AUTORELEASING = YES;
				CLANG_WARN_BOOL_CONVERSION = YES;
				CLANG_WARN_COMMA = YES;
				CLANG_WARN_CONSTANT_CONVERSION = YES;
				CLANG_WARN_DEPRECATED_OBJC_IMPLEMENTATIONS = YES;
				CLANG_WARN_DIRECT_OBJC_ISA_USAGE = YES_ERROR;
				CLANG_WARN_DOCUMENTATION_COMMENTS = YES;
				CLANG_WARN_EMPTY_BODY = YES;
				CLANG_WARN_ENUM_CONVERSION = YES;
				CLANG_WARN_INFINITE_RECURSION = YES;
				CLANG_WARN_INT_CONVERSION = YES;
				CLANG_WARN_NON_LITERAL_NULL_CONVERSION = YES;
				CLANG_WARN_OBJC_IMPLICIT_RETAIN_SELF = YES;
				CLANG_WARN_OBJC_LITERAL_CONVERSION = YES;
				CLANG_WARN_OBJC_ROOT_CLASS = YES_ERROR;
				CLANG_WARN_RANGE_LOOP_ANALYSIS = YES;
				CLANG_WARN_STRICT_PROTOTYPES = YES;
				CLANG_WARN_SUSPICIOUS_MOVE = YES;
				CLANG_WARN_UNGUARDED_AVAILABILITY = YES_AGGRESSIVE;
				CLANG_WARN_UNREACHABLE_CODE = YES;
				CLANG_WARN__DUPLICATE_METHOD_MATCH = YES;
				COPY_PHASE_STRIP = NO;
				DEBUG_INFORMATION_FORMAT = dwarf;
				ENABLE_STRICT_OBJC_MSGSEND = YES;
				ENABLE_TESTABILITY = YES;
				GCC_C_LANGUAGE_STANDARD = gnu11;
				GCC_DYNAMIC_NO_PIC = NO;
				GCC_NO_COMMON_BLOCKS = YES;
				GCC_OPTIMIZATION_LEVEL = 0;
				GCC_PREPROCESSOR_DEFINITIONS = (
					"DEBUG=1",
					"$(inherited)",
				);
				GCC_WARN_64_TO_32_BIT_CONVERSION = YES;
				GCC_WARN_ABOUT_RETURN_TYPE = YES_ERROR;
				GCC_WARN_UNDECLARED_SELECTOR = YES;
				GCC_WARN_UNINITIALIZED_AUTOS = YES_AGGRESSIVE;
				GCC_WARN_UNUSED_FUNCTION = YES;
				GCC_WARN_UNUSED_VARIABLE = YES;
				IPHONEOS_DEPLOYMENT_TARGET = 13.2;
				MTL_ENABLE_DEBUG_INFO = INCLUDE_SOURCE;
				MTL_FAST_MATH = YES;
				ONLY_ACTIVE_ARCH = YES;
				SDKROOT = iphoneos;
				SWIFT_ACTIVE_COMPILATION_CONDITIONS = DEBUG;
				SWIFT_OPTIMIZATION_LEVEL = "-Onone";
			};
			name = Debug;
		};
		A665836F23DAB50A006073DF /* Release */ = {
			isa = XCBuildConfiguration;
			buildSettings = {
				ALWAYS_SEARCH_USER_PATHS = NO;
				CLANG_ANALYZER_NONNULL = YES;
				CLANG_ANALYZER_NUMBER_OBJECT_CONVERSION = YES_AGGRESSIVE;
				CLANG_CXX_LANGUAGE_STANDARD = "gnu++14";
				CLANG_CXX_LIBRARY = "libc++";
				CLANG_ENABLE_MODULES = YES;
				CLANG_ENABLE_OBJC_ARC = YES;
				CLANG_ENABLE_OBJC_WEAK = YES;
				CLANG_WARN_BLOCK_CAPTURE_AUTORELEASING = YES;
				CLANG_WARN_BOOL_CONVERSION = YES;
				CLANG_WARN_COMMA = YES;
				CLANG_WARN_CONSTANT_CONVERSION = YES;
				CLANG_WARN_DEPRECATED_OBJC_IMPLEMENTATIONS = YES;
				CLANG_WARN_DIRECT_OBJC_ISA_USAGE = YES_ERROR;
				CLANG_WARN_DOCUMENTATION_COMMENTS = YES;
				CLANG_WARN_EMPTY_BODY = YES;
				CLANG_WARN_ENUM_CONVERSION = YES;
				CLANG_WARN_INFINITE_RECURSION = YES;
				CLANG_WARN_INT_CONVERSION = YES;
				CLANG_WARN_NON_LITERAL_NULL_CONVERSION = YES;
				CLANG_WARN_OBJC_IMPLICIT_RETAIN_SELF = YES;
				CLANG_WARN_OBJC_LITERAL_CONVERSION = YES;
				CLANG_WARN_OBJC_ROOT_CLASS = YES_ERROR;
				CLANG_WARN_RANGE_LOOP_ANALYSIS = YES;
				CLANG_WARN_STRICT_PROTOTYPES = YES;
				CLANG_WARN_SUSPICIOUS_MOVE = YES;
				CLANG_WARN_UNGUARDED_AVAILABILITY = YES_AGGRESSIVE;
				CLANG_WARN_UNREACHABLE_CODE = YES;
				CLANG_WARN__DUPLICATE_METHOD_MATCH = YES;
				COPY_PHASE_STRIP = NO;
				DEBUG_INFORMATION_FORMAT = "dwarf-with-dsym";
				ENABLE_NS_ASSERTIONS = NO;
				ENABLE_STRICT_OBJC_MSGSEND = YES;
				GCC_C_LANGUAGE_STANDARD = gnu11;
				GCC_NO_COMMON_BLOCKS = YES;
				GCC_WARN_64_TO_32_BIT_CONVERSION = YES;
				GCC_WARN_ABOUT_RETURN_TYPE = YES_ERROR;
				GCC_WARN_UNDECLARED_SELECTOR = YES;
				GCC_WARN_UNINITIALIZED_AUTOS = YES_AGGRESSIVE;
				GCC_WARN_UNUSED_FUNCTION = YES;
				GCC_WARN_UNUSED_VARIABLE = YES;
				IPHONEOS_DEPLOYMENT_TARGET = 13.2;
				MTL_ENABLE_DEBUG_INFO = NO;
				MTL_FAST_MATH = YES;
				SDKROOT = iphoneos;
				SWIFT_COMPILATION_MODE = wholemodule;
				SWIFT_OPTIMIZATION_LEVEL = "-O";
				VALIDATE_PRODUCT = YES;
			};
			name = Release;
		};
		A665837123DAB50A006073DF /* Debug */ = {
			isa = XCBuildConfiguration;
			baseConfigurationReference = 74CE154D4AA08AC493FBA5F6 /* Pods-Schematic Capture.debug.xcconfig */;
			buildSettings = {
				ASSETCATALOG_COMPILER_APPICON_NAME = AppIcon;
				CODE_SIGN_STYLE = Automatic;
				DEVELOPMENT_TEAM = VXUQXR6S56;
				INFOPLIST_FILE = "Schematic Capture/Info.plist";
				LD_RUNPATH_SEARCH_PATHS = (
					"$(inherited)",
					"@executable_path/Frameworks",
				);
				PRODUCT_BUNDLE_IDENTIFIER = "com.Schematic-Capture.GIPGIP.Schematic-Capture";
				PRODUCT_NAME = "$(TARGET_NAME)";
				SWIFT_VERSION = 5.0;
				TARGETED_DEVICE_FAMILY = "1,2";
			};
			name = Debug;
		};
		A665837223DAB50A006073DF /* Release */ = {
			isa = XCBuildConfiguration;
			baseConfigurationReference = 7CF1D52C5578D599C2B001F6 /* Pods-Schematic Capture.release.xcconfig */;
			buildSettings = {
				ASSETCATALOG_COMPILER_APPICON_NAME = AppIcon;
				CODE_SIGN_STYLE = Automatic;
				DEVELOPMENT_TEAM = VXUQXR6S56;
				INFOPLIST_FILE = "Schematic Capture/Info.plist";
				LD_RUNPATH_SEARCH_PATHS = (
					"$(inherited)",
					"@executable_path/Frameworks",
				);
				PRODUCT_BUNDLE_IDENTIFIER = "com.Schematic-Capture.GIPGIP.Schematic-Capture";
				PRODUCT_NAME = "$(TARGET_NAME)";
				SWIFT_VERSION = 5.0;
				TARGETED_DEVICE_FAMILY = "1,2";
			};
			name = Release;
		};
		A665837423DAB50A006073DF /* Debug */ = {
			isa = XCBuildConfiguration;
			baseConfigurationReference = 49AD8C612B258C5954802E50 /* Pods-Schematic CaptureTests.debug.xcconfig */;
			buildSettings = {
				ALWAYS_EMBED_SWIFT_STANDARD_LIBRARIES = YES;
				BUNDLE_LOADER = "$(TEST_HOST)";
				CODE_SIGN_STYLE = Automatic;
				DEVELOPMENT_TEAM = VXUQXR6S56;
				INFOPLIST_FILE = "Schematic CaptureTests/Info.plist";
				IPHONEOS_DEPLOYMENT_TARGET = 13.2;
				LD_RUNPATH_SEARCH_PATHS = (
					"$(inherited)",
					"@executable_path/Frameworks",
					"@loader_path/Frameworks",
				);
				PRODUCT_BUNDLE_IDENTIFIER = "com.Schematic-Capture.GIPGIP.Schematic-CaptureTests";
				PRODUCT_NAME = "$(TARGET_NAME)";
				SWIFT_VERSION = 5.0;
				TARGETED_DEVICE_FAMILY = "1,2";
				TEST_HOST = "$(BUILT_PRODUCTS_DIR)/Schematic Capture.app/Schematic Capture";
			};
			name = Debug;
		};
		A665837523DAB50A006073DF /* Release */ = {
			isa = XCBuildConfiguration;
			baseConfigurationReference = E1FD08C4FDDF46EE97E77091 /* Pods-Schematic CaptureTests.release.xcconfig */;
			buildSettings = {
				ALWAYS_EMBED_SWIFT_STANDARD_LIBRARIES = YES;
				BUNDLE_LOADER = "$(TEST_HOST)";
				CODE_SIGN_STYLE = Automatic;
				DEVELOPMENT_TEAM = VXUQXR6S56;
				INFOPLIST_FILE = "Schematic CaptureTests/Info.plist";
				IPHONEOS_DEPLOYMENT_TARGET = 13.2;
				LD_RUNPATH_SEARCH_PATHS = (
					"$(inherited)",
					"@executable_path/Frameworks",
					"@loader_path/Frameworks",
				);
				PRODUCT_BUNDLE_IDENTIFIER = "com.Schematic-Capture.GIPGIP.Schematic-CaptureTests";
				PRODUCT_NAME = "$(TARGET_NAME)";
				SWIFT_VERSION = 5.0;
				TARGETED_DEVICE_FAMILY = "1,2";
				TEST_HOST = "$(BUILT_PRODUCTS_DIR)/Schematic Capture.app/Schematic Capture";
			};
			name = Release;
		};
/* End XCBuildConfiguration section */

/* Begin XCConfigurationList section */
		A665834C23DAB508006073DF /* Build configuration list for PBXProject "Schematic Capture" */ = {
			isa = XCConfigurationList;
			buildConfigurations = (
				A665836E23DAB50A006073DF /* Debug */,
				A665836F23DAB50A006073DF /* Release */,
			);
			defaultConfigurationIsVisible = 0;
			defaultConfigurationName = Release;
		};
		A665837023DAB50A006073DF /* Build configuration list for PBXNativeTarget "Schematic Capture" */ = {
			isa = XCConfigurationList;
			buildConfigurations = (
				A665837123DAB50A006073DF /* Debug */,
				A665837223DAB50A006073DF /* Release */,
			);
			defaultConfigurationIsVisible = 0;
			defaultConfigurationName = Release;
		};
		A665837323DAB50A006073DF /* Build configuration list for PBXNativeTarget "Schematic CaptureTests" */ = {
			isa = XCConfigurationList;
			buildConfigurations = (
				A665837423DAB50A006073DF /* Debug */,
				A665837523DAB50A006073DF /* Release */,
			);
			defaultConfigurationIsVisible = 0;
			defaultConfigurationName = Release;
		};
/* End XCConfigurationList section */
	};
	rootObject = A665834923DAB508006073DF /* Project object */;
}
